// !$*UTF8*$!
{
	archiveVersion = 1;
	classes = {
	};
	objectVersion = 51;
	objects = {

/* Begin PBXBuildFile section */
		29849C38AFEF6EC7AC0622A9 /* Pods_TextRecognition_TextRecognitionUITests.framework in Frameworks */ = {isa = PBXBuildFile; fileRef = DC6E2D532F956FEA65DFD147 /* Pods_TextRecognition_TextRecognitionUITests.framework */; };
		3A64F9BA05BDBC5BB821C548 /* Pods_TextRecognition.framework in Frameworks */ = {isa = PBXBuildFile; fileRef = AF98B9BA583E2FC4071092B2 /* Pods_TextRecognition.framework */; };
		8AA693BC9A9A0C7EBEDE0F19 /* Pods_TextRecognitionTests.framework in Frameworks */ = {isa = PBXBuildFile; fileRef = 8A78B6FDD76D235BD782CEFC /* Pods_TextRecognitionTests.framework */; };
		C7C91AB826E0C4A800D6BC30 /* TextRecognitionApp.swift in Sources */ = {isa = PBXBuildFile; fileRef = C7C91AB726E0C4A800D6BC30 /* TextRecognitionApp.swift */; };
		C7C91ABA26E0C4A800D6BC30 /* ContentView.swift in Sources */ = {isa = PBXBuildFile; fileRef = C7C91AB926E0C4A800D6BC30 /* ContentView.swift */; };
		C7C91ABC26E0C4A900D6BC30 /* Assets.xcassets in Resources */ = {isa = PBXBuildFile; fileRef = C7C91ABB26E0C4A900D6BC30 /* Assets.xcassets */; };
		C7C91ABF26E0C4A900D6BC30 /* Preview Assets.xcassets in Resources */ = {isa = PBXBuildFile; fileRef = C7C91ABE26E0C4A900D6BC30 /* Preview Assets.xcassets */; };
		C7C91ACA26E0C4AA00D6BC30 /* TextRecognitionTests.swift in Sources */ = {isa = PBXBuildFile; fileRef = C7C91AC926E0C4AA00D6BC30 /* TextRecognitionTests.swift */; };
		C7C91AD526E0C4AA00D6BC30 /* TextRecognitionUITests.swift in Sources */ = {isa = PBXBuildFile; fileRef = C7C91AD426E0C4AA00D6BC30 /* TextRecognitionUITests.swift */; };
		C7C91AE326E0CA6900D6BC30 /* ImagePickerView.swift in Sources */ = {isa = PBXBuildFile; fileRef = C7C91AE226E0CA6900D6BC30 /* ImagePickerView.swift */; };
		C7C91AE526E1AF0100D6BC30 /* ImageView.swift in Sources */ = {isa = PBXBuildFile; fileRef = C7C91AE426E1AF0100D6BC30 /* ImageView.swift */; };
		C7C91AE726E1AF8100D6BC30 /* GridImageView.swift in Sources */ = {isa = PBXBuildFile; fileRef = C7C91AE626E1AF8100D6BC30 /* GridImageView.swift */; };
		C7C91AE926E1AFD400D6BC30 /* ModalView.swift in Sources */ = {isa = PBXBuildFile; fileRef = C7C91AE826E1AFD400D6BC30 /* ModalView.swift */; };
		C7C91AEB26E1B30E00D6BC30 /* InputView.swift in Sources */ = {isa = PBXBuildFile; fileRef = C7C91AEA26E1B30E00D6BC30 /* InputView.swift */; };
/* End PBXBuildFile section */

/* Begin PBXContainerItemProxy section */
		C7C91AC626E0C4AA00D6BC30 /* PBXContainerItemProxy */ = {
			isa = PBXContainerItemProxy;
			containerPortal = C7C91AAC26E0C4A800D6BC30 /* Project object */;
			proxyType = 1;
			remoteGlobalIDString = C7C91AB326E0C4A800D6BC30;
			remoteInfo = TextRecognition;
		};
		C7C91AD126E0C4AA00D6BC30 /* PBXContainerItemProxy */ = {
			isa = PBXContainerItemProxy;
			containerPortal = C7C91AAC26E0C4A800D6BC30 /* Project object */;
			proxyType = 1;
			remoteGlobalIDString = C7C91AB326E0C4A800D6BC30;
			remoteInfo = TextRecognition;
		};
/* End PBXContainerItemProxy section */

/* Begin PBXFileReference section */
		2B1D6437514312BF4D0B8A0C /* Pods-TextRecognitionTests.debug.xcconfig */ = {isa = PBXFileReference; includeInIndex = 1; lastKnownFileType = text.xcconfig; name = "Pods-TextRecognitionTests.debug.xcconfig"; path = "Target Support Files/Pods-TextRecognitionTests/Pods-TextRecognitionTests.debug.xcconfig"; sourceTree = "<group>"; };
		5715EF5B1E660CE163603B1D /* Pods-TextRecognition.debug.xcconfig */ = {isa = PBXFileReference; includeInIndex = 1; lastKnownFileType = text.xcconfig; name = "Pods-TextRecognition.debug.xcconfig"; path = "Target Support Files/Pods-TextRecognition/Pods-TextRecognition.debug.xcconfig"; sourceTree = "<group>"; };
		72D4D27F3778B95DDF1E8680 /* Pods-TextRecognition.release.xcconfig */ = {isa = PBXFileReference; includeInIndex = 1; lastKnownFileType = text.xcconfig; name = "Pods-TextRecognition.release.xcconfig"; path = "Target Support Files/Pods-TextRecognition/Pods-TextRecognition.release.xcconfig"; sourceTree = "<group>"; };
		8A78B6FDD76D235BD782CEFC /* Pods_TextRecognitionTests.framework */ = {isa = PBXFileReference; explicitFileType = wrapper.framework; includeInIndex = 0; path = Pods_TextRecognitionTests.framework; sourceTree = BUILT_PRODUCTS_DIR; };
		92A3324F0DB1C3AC488A949E /* Pods-TextRecognition-TextRecognitionUITests.release.xcconfig */ = {isa = PBXFileReference; includeInIndex = 1; lastKnownFileType = text.xcconfig; name = "Pods-TextRecognition-TextRecognitionUITests.release.xcconfig"; path = "Target Support Files/Pods-TextRecognition-TextRecognitionUITests/Pods-TextRecognition-TextRecognitionUITests.release.xcconfig"; sourceTree = "<group>"; };
		9F999B1C73A482CACBCBB863 /* Pods-TextRecognitionTests.release.xcconfig */ = {isa = PBXFileReference; includeInIndex = 1; lastKnownFileType = text.xcconfig; name = "Pods-TextRecognitionTests.release.xcconfig"; path = "Target Support Files/Pods-TextRecognitionTests/Pods-TextRecognitionTests.release.xcconfig"; sourceTree = "<group>"; };
		AF98B9BA583E2FC4071092B2 /* Pods_TextRecognition.framework */ = {isa = PBXFileReference; explicitFileType = wrapper.framework; includeInIndex = 0; path = Pods_TextRecognition.framework; sourceTree = BUILT_PRODUCTS_DIR; };
		B32746924DA7573E364DB966 /* Pods-TextRecognition-TextRecognitionUITests.debug.xcconfig */ = {isa = PBXFileReference; includeInIndex = 1; lastKnownFileType = text.xcconfig; name = "Pods-TextRecognition-TextRecognitionUITests.debug.xcconfig"; path = "Target Support Files/Pods-TextRecognition-TextRecognitionUITests/Pods-TextRecognition-TextRecognitionUITests.debug.xcconfig"; sourceTree = "<group>"; };
		C7C91AB426E0C4A800D6BC30 /* TextRecognition.app */ = {isa = PBXFileReference; explicitFileType = wrapper.application; includeInIndex = 0; path = TextRecognition.app; sourceTree = BUILT_PRODUCTS_DIR; };
		C7C91AB726E0C4A800D6BC30 /* TextRecognitionApp.swift */ = {isa = PBXFileReference; lastKnownFileType = sourcecode.swift; path = TextRecognitionApp.swift; sourceTree = "<group>"; };
		C7C91AB926E0C4A800D6BC30 /* ContentView.swift */ = {isa = PBXFileReference; lastKnownFileType = sourcecode.swift; path = ContentView.swift; sourceTree = "<group>"; };
		C7C91ABB26E0C4A900D6BC30 /* Assets.xcassets */ = {isa = PBXFileReference; lastKnownFileType = folder.assetcatalog; path = Assets.xcassets; sourceTree = "<group>"; };
		C7C91ABE26E0C4A900D6BC30 /* Preview Assets.xcassets */ = {isa = PBXFileReference; lastKnownFileType = folder.assetcatalog; path = "Preview Assets.xcassets"; sourceTree = "<group>"; };
		C7C91AC026E0C4A900D6BC30 /* Info.plist */ = {isa = PBXFileReference; lastKnownFileType = text.plist.xml; path = Info.plist; sourceTree = "<group>"; };
		C7C91AC526E0C4AA00D6BC30 /* TextRecognitionTests.xctest */ = {isa = PBXFileReference; explicitFileType = wrapper.cfbundle; includeInIndex = 0; path = TextRecognitionTests.xctest; sourceTree = BUILT_PRODUCTS_DIR; };
		C7C91AC926E0C4AA00D6BC30 /* TextRecognitionTests.swift */ = {isa = PBXFileReference; lastKnownFileType = sourcecode.swift; path = TextRecognitionTests.swift; sourceTree = "<group>"; };
		C7C91ACB26E0C4AA00D6BC30 /* Info.plist */ = {isa = PBXFileReference; lastKnownFileType = text.plist.xml; path = Info.plist; sourceTree = "<group>"; };
		C7C91AD026E0C4AA00D6BC30 /* TextRecognitionUITests.xctest */ = {isa = PBXFileReference; explicitFileType = wrapper.cfbundle; includeInIndex = 0; path = TextRecognitionUITests.xctest; sourceTree = BUILT_PRODUCTS_DIR; };
		C7C91AD426E0C4AA00D6BC30 /* TextRecognitionUITests.swift */ = {isa = PBXFileReference; lastKnownFileType = sourcecode.swift; path = TextRecognitionUITests.swift; sourceTree = "<group>"; };
		C7C91AD626E0C4AA00D6BC30 /* Info.plist */ = {isa = PBXFileReference; lastKnownFileType = text.plist.xml; path = Info.plist; sourceTree = "<group>"; };
		C7C91AE226E0CA6900D6BC30 /* ImagePickerView.swift */ = {isa = PBXFileReference; lastKnownFileType = sourcecode.swift; path = ImagePickerView.swift; sourceTree = "<group>"; };
		C7C91AE426E1AF0100D6BC30 /* ImageView.swift */ = {isa = PBXFileReference; lastKnownFileType = sourcecode.swift; path = ImageView.swift; sourceTree = "<group>"; };
		C7C91AE626E1AF8100D6BC30 /* GridImageView.swift */ = {isa = PBXFileReference; lastKnownFileType = sourcecode.swift; path = GridImageView.swift; sourceTree = "<group>"; };
		C7C91AE826E1AFD400D6BC30 /* ModalView.swift */ = {isa = PBXFileReference; lastKnownFileType = sourcecode.swift; path = ModalView.swift; sourceTree = "<group>"; };
		C7C91AEA26E1B30E00D6BC30 /* InputView.swift */ = {isa = PBXFileReference; lastKnownFileType = sourcecode.swift; path = InputView.swift; sourceTree = "<group>"; };
		DC6E2D532F956FEA65DFD147 /* Pods_TextRecognition_TextRecognitionUITests.framework */ = {isa = PBXFileReference; explicitFileType = wrapper.framework; includeInIndex = 0; path = Pods_TextRecognition_TextRecognitionUITests.framework; sourceTree = BUILT_PRODUCTS_DIR; };
/* End PBXFileReference section */

/* Begin PBXFrameworksBuildPhase section */
		C7C91AB126E0C4A800D6BC30 /* Frameworks */ = {
			isa = PBXFrameworksBuildPhase;
			buildActionMask = 2147483647;
			files = (
				3A64F9BA05BDBC5BB821C548 /* Pods_TextRecognition.framework in Frameworks */,
			);
			runOnlyForDeploymentPostprocessing = 0;
		};
		C7C91AC226E0C4AA00D6BC30 /* Frameworks */ = {
			isa = PBXFrameworksBuildPhase;
			buildActionMask = 2147483647;
			files = (
				8AA693BC9A9A0C7EBEDE0F19 /* Pods_TextRecognitionTests.framework in Frameworks */,
			);
			runOnlyForDeploymentPostprocessing = 0;
		};
		C7C91ACD26E0C4AA00D6BC30 /* Frameworks */ = {
			isa = PBXFrameworksBuildPhase;
			buildActionMask = 2147483647;
			files = (
				29849C38AFEF6EC7AC0622A9 /* Pods_TextRecognition_TextRecognitionUITests.framework in Frameworks */,
			);
			runOnlyForDeploymentPostprocessing = 0;
		};
/* End PBXFrameworksBuildPhase section */

/* Begin PBXGroup section */
		75B9863291548E39F6854AA9 /* Frameworks */ = {
			isa = PBXGroup;
			children = (
				AF98B9BA583E2FC4071092B2 /* Pods_TextRecognition.framework */,
				DC6E2D532F956FEA65DFD147 /* Pods_TextRecognition_TextRecognitionUITests.framework */,
				8A78B6FDD76D235BD782CEFC /* Pods_TextRecognitionTests.framework */,
			);
			name = Frameworks;
			sourceTree = "<group>";
		};
		862655839B36B13AEE610A3D /* Pods */ = {
			isa = PBXGroup;
			children = (
				5715EF5B1E660CE163603B1D /* Pods-TextRecognition.debug.xcconfig */,
				72D4D27F3778B95DDF1E8680 /* Pods-TextRecognition.release.xcconfig */,
				B32746924DA7573E364DB966 /* Pods-TextRecognition-TextRecognitionUITests.debug.xcconfig */,
				92A3324F0DB1C3AC488A949E /* Pods-TextRecognition-TextRecognitionUITests.release.xcconfig */,
				2B1D6437514312BF4D0B8A0C /* Pods-TextRecognitionTests.debug.xcconfig */,
				9F999B1C73A482CACBCBB863 /* Pods-TextRecognitionTests.release.xcconfig */,
			);
			path = Pods;
			sourceTree = "<group>";
		};
		C7C91AAB26E0C4A800D6BC30 = {
			isa = PBXGroup;
			children = (
				C7C91AB626E0C4A800D6BC30 /* TextRecognition */,
				C7C91AC826E0C4AA00D6BC30 /* TextRecognitionTests */,
				C7C91AD326E0C4AA00D6BC30 /* TextRecognitionUITests */,
				C7C91AB526E0C4A800D6BC30 /* Products */,
				862655839B36B13AEE610A3D /* Pods */,
				75B9863291548E39F6854AA9 /* Frameworks */,
			);
			sourceTree = "<group>";
		};
		C7C91AB526E0C4A800D6BC30 /* Products */ = {
			isa = PBXGroup;
			children = (
				C7C91AB426E0C4A800D6BC30 /* TextRecognition.app */,
				C7C91AC526E0C4AA00D6BC30 /* TextRecognitionTests.xctest */,
				C7C91AD026E0C4AA00D6BC30 /* TextRecognitionUITests.xctest */,
			);
			name = Products;
			sourceTree = "<group>";
		};
		C7C91AB626E0C4A800D6BC30 /* TextRecognition */ = {
			isa = PBXGroup;
			children = (
				C7C91AB726E0C4A800D6BC30 /* TextRecognitionApp.swift */,
				C7C91AB926E0C4A800D6BC30 /* ContentView.swift */,
				C7C91ABB26E0C4A900D6BC30 /* Assets.xcassets */,
				C7C91AC026E0C4A900D6BC30 /* Info.plist */,
				C7C91ABD26E0C4A900D6BC30 /* Preview Content */,
				C7C91AE226E0CA6900D6BC30 /* ImagePickerView.swift */,
				C7C91AE426E1AF0100D6BC30 /* ImageView.swift */,
				C7C91AE626E1AF8100D6BC30 /* GridImageView.swift */,
				C7C91AE826E1AFD400D6BC30 /* ModalView.swift */,
				C7C91AEA26E1B30E00D6BC30 /* InputView.swift */,
			);
			path = TextRecognition;
			sourceTree = "<group>";
		};
		C7C91ABD26E0C4A900D6BC30 /* Preview Content */ = {
			isa = PBXGroup;
			children = (
				C7C91ABE26E0C4A900D6BC30 /* Preview Assets.xcassets */,
			);
			path = "Preview Content";
			sourceTree = "<group>";
		};
		C7C91AC826E0C4AA00D6BC30 /* TextRecognitionTests */ = {
			isa = PBXGroup;
			children = (
				C7C91AC926E0C4AA00D6BC30 /* TextRecognitionTests.swift */,
				C7C91ACB26E0C4AA00D6BC30 /* Info.plist */,
			);
			path = TextRecognitionTests;
			sourceTree = "<group>";
		};
		C7C91AD326E0C4AA00D6BC30 /* TextRecognitionUITests */ = {
			isa = PBXGroup;
			children = (
				C7C91AD426E0C4AA00D6BC30 /* TextRecognitionUITests.swift */,
				C7C91AD626E0C4AA00D6BC30 /* Info.plist */,
			);
			path = TextRecognitionUITests;
			sourceTree = "<group>";
		};
/* End PBXGroup section */

/* Begin PBXNativeTarget section */
		C7C91AB326E0C4A800D6BC30 /* TextRecognition */ = {
			isa = PBXNativeTarget;
			buildConfigurationList = C7C91AD926E0C4AA00D6BC30 /* Build configuration list for PBXNativeTarget "TextRecognition" */;
			buildPhases = (
				FE277E7DC08ECC046A1B2F4D /* [CP] Check Pods Manifest.lock */,
				C7C91AB026E0C4A800D6BC30 /* Sources */,
				C7C91AB126E0C4A800D6BC30 /* Frameworks */,
				C7C91AB226E0C4A800D6BC30 /* Resources */,
				671B1E53BC65C106B3557913 /* [CP] Embed Pods Frameworks */,
				E3A91832B9D290A295F1EB28 /* [CP] Copy Pods Resources */,
			);
			buildRules = (
			);
			dependencies = (
			);
			name = TextRecognition;
			productName = TextRecognition;
			productReference = C7C91AB426E0C4A800D6BC30 /* TextRecognition.app */;
			productType = "com.apple.product-type.application";
		};
		C7C91AC426E0C4AA00D6BC30 /* TextRecognitionTests */ = {
			isa = PBXNativeTarget;
			buildConfigurationList = C7C91ADC26E0C4AA00D6BC30 /* Build configuration list for PBXNativeTarget "TextRecognitionTests" */;
			buildPhases = (
				1EDE3ABAEDB3865131EF0D2E /* [CP] Check Pods Manifest.lock */,
				C7C91AC126E0C4AA00D6BC30 /* Sources */,
				C7C91AC226E0C4AA00D6BC30 /* Frameworks */,
				C7C91AC326E0C4AA00D6BC30 /* Resources */,
			);
			buildRules = (
			);
			dependencies = (
				C7C91AC726E0C4AA00D6BC30 /* PBXTargetDependency */,
			);
			name = TextRecognitionTests;
			productName = TextRecognitionTests;
			productReference = C7C91AC526E0C4AA00D6BC30 /* TextRecognitionTests.xctest */;
			productType = "com.apple.product-type.bundle.unit-test";
		};
		C7C91ACF26E0C4AA00D6BC30 /* TextRecognitionUITests */ = {
			isa = PBXNativeTarget;
			buildConfigurationList = C7C91ADF26E0C4AA00D6BC30 /* Build configuration list for PBXNativeTarget "TextRecognitionUITests" */;
			buildPhases = (
				EFE6B480D2EB5A34643E40EB /* [CP] Check Pods Manifest.lock */,
				C7C91ACC26E0C4AA00D6BC30 /* Sources */,
				C7C91ACD26E0C4AA00D6BC30 /* Frameworks */,
				C7C91ACE26E0C4AA00D6BC30 /* Resources */,
				C5FAEFDC2D70D2B9C603CB7D /* [CP] Embed Pods Frameworks */,
				EC650942DCEE4D8C97CF9902 /* [CP] Copy Pods Resources */,
			);
			buildRules = (
			);
			dependencies = (
				C7C91AD226E0C4AA00D6BC30 /* PBXTargetDependency */,
			);
			name = TextRecognitionUITests;
			productName = TextRecognitionUITests;
			productReference = C7C91AD026E0C4AA00D6BC30 /* TextRecognitionUITests.xctest */;
			productType = "com.apple.product-type.bundle.ui-testing";
		};
/* End PBXNativeTarget section */

/* Begin PBXProject section */
		C7C91AAC26E0C4A800D6BC30 /* Project object */ = {
			isa = PBXProject;
			attributes = {
				LastSwiftUpdateCheck = 1250;
				LastUpgradeCheck = 1250;
				TargetAttributes = {
					C7C91AB326E0C4A800D6BC30 = {
						CreatedOnToolsVersion = 12.5.1;
					};
					C7C91AC426E0C4AA00D6BC30 = {
						CreatedOnToolsVersion = 12.5.1;
						TestTargetID = C7C91AB326E0C4A800D6BC30;
					};
					C7C91ACF26E0C4AA00D6BC30 = {
						CreatedOnToolsVersion = 12.5.1;
						TestTargetID = C7C91AB326E0C4A800D6BC30;
					};
				};
			};
			buildConfigurationList = C7C91AAF26E0C4A800D6BC30 /* Build configuration list for PBXProject "TextRecognition" */;
			compatibilityVersion = "Xcode 9.3";
			developmentRegion = en;
			hasScannedForEncodings = 0;
			knownRegions = (
				en,
				Base,
			);
			mainGroup = C7C91AAB26E0C4A800D6BC30;
			productRefGroup = C7C91AB526E0C4A800D6BC30 /* Products */;
			projectDirPath = "";
			projectRoot = "";
			targets = (
				C7C91AB326E0C4A800D6BC30 /* TextRecognition */,
				C7C91AC426E0C4AA00D6BC30 /* TextRecognitionTests */,
				C7C91ACF26E0C4AA00D6BC30 /* TextRecognitionUITests */,
			);
		};
/* End PBXProject section */

/* Begin PBXResourcesBuildPhase section */
		C7C91AB226E0C4A800D6BC30 /* Resources */ = {
			isa = PBXResourcesBuildPhase;
			buildActionMask = 2147483647;
			files = (
				C7C91ABF26E0C4A900D6BC30 /* Preview Assets.xcassets in Resources */,
				C7C91ABC26E0C4A900D6BC30 /* Assets.xcassets in Resources */,
			);
			runOnlyForDeploymentPostprocessing = 0;
		};
		C7C91AC326E0C4AA00D6BC30 /* Resources */ = {
			isa = PBXResourcesBuildPhase;
			buildActionMask = 2147483647;
			files = (
			);
			runOnlyForDeploymentPostprocessing = 0;
		};
		C7C91ACE26E0C4AA00D6BC30 /* Resources */ = {
			isa = PBXResourcesBuildPhase;
			buildActionMask = 2147483647;
			files = (
			);
			runOnlyForDeploymentPostprocessing = 0;
		};
/* End PBXResourcesBuildPhase section */

/* Begin PBXShellScriptBuildPhase section */
		1EDE3ABAEDB3865131EF0D2E /* [CP] Check Pods Manifest.lock */ = {
			isa = PBXShellScriptBuildPhase;
			buildActionMask = 2147483647;
			files = (
			);
			inputFileListPaths = (
			);
			inputPaths = (
				"${PODS_PODFILE_DIR_PATH}/Podfile.lock",
				"${PODS_ROOT}/Manifest.lock",
			);
			name = "[CP] Check Pods Manifest.lock";
			outputFileListPaths = (
			);
			outputPaths = (
				"$(DERIVED_FILE_DIR)/Pods-TextRecognitionTests-checkManifestLockResult.txt",
			);
			runOnlyForDeploymentPostprocessing = 0;
			shellPath = /bin/sh;
			shellScript = "diff \"${PODS_PODFILE_DIR_PATH}/Podfile.lock\" \"${PODS_ROOT}/Manifest.lock\" > /dev/null\nif [ $? != 0 ] ; then\n    # print error to STDERR\n    echo \"error: The sandbox is not in sync with the Podfile.lock. Run 'pod install' or update your CocoaPods installation.\" >&2\n    exit 1\nfi\n# This output is used by Xcode 'outputs' to avoid re-running this script phase.\necho \"SUCCESS\" > \"${SCRIPT_OUTPUT_FILE_0}\"\n";
			showEnvVarsInLog = 0;
		};
		671B1E53BC65C106B3557913 /* [CP] Embed Pods Frameworks */ = {
			isa = PBXShellScriptBuildPhase;
			buildActionMask = 2147483647;
			files = (
			);
			inputFileListPaths = (
				"${PODS_ROOT}/Target Support Files/Pods-TextRecognition/Pods-TextRecognition-frameworks-${CONFIGURATION}-input-files.xcfilelist",
			);
			name = "[CP] Embed Pods Frameworks";
			outputFileListPaths = (
				"${PODS_ROOT}/Target Support Files/Pods-TextRecognition/Pods-TextRecognition-frameworks-${CONFIGURATION}-output-files.xcfilelist",
			);
			runOnlyForDeploymentPostprocessing = 0;
			shellPath = /bin/sh;
			shellScript = "\"${PODS_ROOT}/Target Support Files/Pods-TextRecognition/Pods-TextRecognition-frameworks.sh\"\n";
			showEnvVarsInLog = 0;
		};
		C5FAEFDC2D70D2B9C603CB7D /* [CP] Embed Pods Frameworks */ = {
			isa = PBXShellScriptBuildPhase;
			buildActionMask = 2147483647;
			files = (
			);
			inputFileListPaths = (
				"${PODS_ROOT}/Target Support Files/Pods-TextRecognition-TextRecognitionUITests/Pods-TextRecognition-TextRecognitionUITests-frameworks-${CONFIGURATION}-input-files.xcfilelist",
			);
			name = "[CP] Embed Pods Frameworks";
			outputFileListPaths = (
				"${PODS_ROOT}/Target Support Files/Pods-TextRecognition-TextRecognitionUITests/Pods-TextRecognition-TextRecognitionUITests-frameworks-${CONFIGURATION}-output-files.xcfilelist",
			);
			runOnlyForDeploymentPostprocessing = 0;
			shellPath = /bin/sh;
			shellScript = "\"${PODS_ROOT}/Target Support Files/Pods-TextRecognition-TextRecognitionUITests/Pods-TextRecognition-TextRecognitionUITests-frameworks.sh\"\n";
			showEnvVarsInLog = 0;
		};
		E3A91832B9D290A295F1EB28 /* [CP] Copy Pods Resources */ = {
			isa = PBXShellScriptBuildPhase;
			buildActionMask = 2147483647;
			files = (
			);
			inputFileListPaths = (
				"${PODS_ROOT}/Target Support Files/Pods-TextRecognition/Pods-TextRecognition-resources-${CONFIGURATION}-input-files.xcfilelist",
			);
			name = "[CP] Copy Pods Resources";
			outputFileListPaths = (
				"${PODS_ROOT}/Target Support Files/Pods-TextRecognition/Pods-TextRecognition-resources-${CONFIGURATION}-output-files.xcfilelist",
			);
			runOnlyForDeploymentPostprocessing = 0;
			shellPath = /bin/sh;
			shellScript = "\"${PODS_ROOT}/Target Support Files/Pods-TextRecognition/Pods-TextRecognition-resources.sh\"\n";
			showEnvVarsInLog = 0;
		};
		EC650942DCEE4D8C97CF9902 /* [CP] Copy Pods Resources */ = {
			isa = PBXShellScriptBuildPhase;
			buildActionMask = 2147483647;
			files = (
			);
			inputFileListPaths = (
				"${PODS_ROOT}/Target Support Files/Pods-TextRecognition-TextRecognitionUITests/Pods-TextRecognition-TextRecognitionUITests-resources-${CONFIGURATION}-input-files.xcfilelist",
			);
			name = "[CP] Copy Pods Resources";
			outputFileListPaths = (
				"${PODS_ROOT}/Target Support Files/Pods-TextRecognition-TextRecognitionUITests/Pods-TextRecognition-TextRecognitionUITests-resources-${CONFIGURATION}-output-files.xcfilelist",
			);
			runOnlyForDeploymentPostprocessing = 0;
			shellPath = /bin/sh;
			shellScript = "\"${PODS_ROOT}/Target Support Files/Pods-TextRecognition-TextRecognitionUITests/Pods-TextRecognition-TextRecognitionUITests-resources.sh\"\n";
			showEnvVarsInLog = 0;
		};
		EFE6B480D2EB5A34643E40EB /* [CP] Check Pods Manifest.lock */ = {
			isa = PBXShellScriptBuildPhase;
			buildActionMask = 2147483647;
			files = (
			);
			inputFileListPaths = (
			);
			inputPaths = (
				"${PODS_PODFILE_DIR_PATH}/Podfile.lock",
				"${PODS_ROOT}/Manifest.lock",
			);
			name = "[CP] Check Pods Manifest.lock";
			outputFileListPaths = (
			);
			outputPaths = (
				"$(DERIVED_FILE_DIR)/Pods-TextRecognition-TextRecognitionUITests-checkManifestLockResult.txt",
			);
			runOnlyForDeploymentPostprocessing = 0;
			shellPath = /bin/sh;
			shellScript = "diff \"${PODS_PODFILE_DIR_PATH}/Podfile.lock\" \"${PODS_ROOT}/Manifest.lock\" > /dev/null\nif [ $? != 0 ] ; then\n    # print error to STDERR\n    echo \"error: The sandbox is not in sync with the Podfile.lock. Run 'pod install' or update your CocoaPods installation.\" >&2\n    exit 1\nfi\n# This output is used by Xcode 'outputs' to avoid re-running this script phase.\necho \"SUCCESS\" > \"${SCRIPT_OUTPUT_FILE_0}\"\n";
			showEnvVarsInLog = 0;
		};
		FE277E7DC08ECC046A1B2F4D /* [CP] Check Pods Manifest.lock */ = {
			isa = PBXShellScriptBuildPhase;
			buildActionMask = 2147483647;
			files = (
			);
			inputFileListPaths = (
			);
			inputPaths = (
				"${PODS_PODFILE_DIR_PATH}/Podfile.lock",
				"${PODS_ROOT}/Manifest.lock",
			);
			name = "[CP] Check Pods Manifest.lock";
			outputFileListPaths = (
			);
			outputPaths = (
				"$(DERIVED_FILE_DIR)/Pods-TextRecognition-checkManifestLockResult.txt",
			);
			runOnlyForDeploymentPostprocessing = 0;
			shellPath = /bin/sh;
			shellScript = "diff \"${PODS_PODFILE_DIR_PATH}/Podfile.lock\" \"${PODS_ROOT}/Manifest.lock\" > /dev/null\nif [ $? != 0 ] ; then\n    # print error to STDERR\n    echo \"error: The sandbox is not in sync with the Podfile.lock. Run 'pod install' or update your CocoaPods installation.\" >&2\n    exit 1\nfi\n# This output is used by Xcode 'outputs' to avoid re-running this script phase.\necho \"SUCCESS\" > \"${SCRIPT_OUTPUT_FILE_0}\"\n";
			showEnvVarsInLog = 0;
		};
/* End PBXShellScriptBuildPhase section */

/* Begin PBXSourcesBuildPhase section */
		C7C91AB026E0C4A800D6BC30 /* Sources */ = {
			isa = PBXSourcesBuildPhase;
			buildActionMask = 2147483647;
			files = (
				C7C91AE926E1AFD400D6BC30 /* ModalView.swift in Sources */,
				C7C91AEB26E1B30E00D6BC30 /* InputView.swift in Sources */,
				C7C91AE526E1AF0100D6BC30 /* ImageView.swift in Sources */,
				C7C91AE326E0CA6900D6BC30 /* ImagePickerView.swift in Sources */,
				C7C91ABA26E0C4A800D6BC30 /* ContentView.swift in Sources */,
				C7C91AE726E1AF8100D6BC30 /* GridImageView.swift in Sources */,
				C7C91AB826E0C4A800D6BC30 /* TextRecognitionApp.swift in Sources */,
			);
			runOnlyForDeploymentPostprocessing = 0;
		};
		C7C91AC126E0C4AA00D6BC30 /* Sources */ = {
			isa = PBXSourcesBuildPhase;
			buildActionMask = 2147483647;
			files = (
				C7C91ACA26E0C4AA00D6BC30 /* TextRecognitionTests.swift in Sources */,
			);
			runOnlyForDeploymentPostprocessing = 0;
		};
		C7C91ACC26E0C4AA00D6BC30 /* Sources */ = {
			isa = PBXSourcesBuildPhase;
			buildActionMask = 2147483647;
			files = (
				C7C91AD526E0C4AA00D6BC30 /* TextRecognitionUITests.swift in Sources */,
			);
			runOnlyForDeploymentPostprocessing = 0;
		};
/* End PBXSourcesBuildPhase section */

/* Begin PBXTargetDependency section */
		C7C91AC726E0C4AA00D6BC30 /* PBXTargetDependency */ = {
			isa = PBXTargetDependency;
			target = C7C91AB326E0C4A800D6BC30 /* TextRecognition */;
			targetProxy = C7C91AC626E0C4AA00D6BC30 /* PBXContainerItemProxy */;
		};
		C7C91AD226E0C4AA00D6BC30 /* PBXTargetDependency */ = {
			isa = PBXTargetDependency;
			target = C7C91AB326E0C4A800D6BC30 /* TextRecognition */;
			targetProxy = C7C91AD126E0C4AA00D6BC30 /* PBXContainerItemProxy */;
		};
/* End PBXTargetDependency section */

/* Begin XCBuildConfiguration section */
		C7C91AD726E0C4AA00D6BC30 /* Debug */ = {
			isa = XCBuildConfiguration;
			buildSettings = {
				ALWAYS_SEARCH_USER_PATHS = NO;
				CLANG_ANALYZER_NONNULL = YES;
				CLANG_ANALYZER_NUMBER_OBJECT_CONVERSION = YES_AGGRESSIVE;
				CLANG_CXX_LANGUAGE_STANDARD = "gnu++14";
				CLANG_CXX_LIBRARY = "libc++";
				CLANG_ENABLE_MODULES = YES;
				CLANG_ENABLE_OBJC_ARC = YES;
				CLANG_ENABLE_OBJC_WEAK = YES;
				CLANG_WARN_BLOCK_CAPTURE_AUTORELEASING = YES;
				CLANG_WARN_BOOL_CONVERSION = YES;
				CLANG_WARN_COMMA = YES;
				CLANG_WARN_CONSTANT_CONVERSION = YES;
				CLANG_WARN_DEPRECATED_OBJC_IMPLEMENTATIONS = YES;
				CLANG_WARN_DIRECT_OBJC_ISA_USAGE = YES_ERROR;
				CLANG_WARN_DOCUMENTATION_COMMENTS = YES;
				CLANG_WARN_EMPTY_BODY = YES;
				CLANG_WARN_ENUM_CONVERSION = YES;
				CLANG_WARN_INFINITE_RECURSION = YES;
				CLANG_WARN_INT_CONVERSION = YES;
				CLANG_WARN_NON_LITERAL_NULL_CONVERSION = YES;
				CLANG_WARN_OBJC_IMPLICIT_RETAIN_SELF = YES;
				CLANG_WARN_OBJC_LITERAL_CONVERSION = YES;
				CLANG_WARN_OBJC_ROOT_CLASS = YES_ERROR;
				CLANG_WARN_QUOTED_INCLUDE_IN_FRAMEWORK_HEADER = YES;
				CLANG_WARN_RANGE_LOOP_ANALYSIS = YES;
				CLANG_WARN_STRICT_PROTOTYPES = YES;
				CLANG_WARN_SUSPICIOUS_MOVE = YES;
				CLANG_WARN_UNGUARDED_AVAILABILITY = YES_AGGRESSIVE;
				CLANG_WARN_UNREACHABLE_CODE = YES;
				CLANG_WARN__DUPLICATE_METHOD_MATCH = YES;
				COPY_PHASE_STRIP = NO;
				DEBUG_INFORMATION_FORMAT = dwarf;
				ENABLE_STRICT_OBJC_MSGSEND = YES;
				ENABLE_TESTABILITY = YES;
				GCC_C_LANGUAGE_STANDARD = gnu11;
				GCC_DYNAMIC_NO_PIC = NO;
				GCC_NO_COMMON_BLOCKS = YES;
				GCC_OPTIMIZATION_LEVEL = 0;
				GCC_PREPROCESSOR_DEFINITIONS = (
					"DEBUG=1",
					"$(inherited)",
				);
				GCC_WARN_64_TO_32_BIT_CONVERSION = YES;
				GCC_WARN_ABOUT_RETURN_TYPE = YES_ERROR;
				GCC_WARN_UNDECLARED_SELECTOR = YES;
				GCC_WARN_UNINITIALIZED_AUTOS = YES_AGGRESSIVE;
				GCC_WARN_UNUSED_FUNCTION = YES;
				GCC_WARN_UNUSED_VARIABLE = YES;
				IPHONEOS_DEPLOYMENT_TARGET = 14.5;
				MTL_ENABLE_DEBUG_INFO = INCLUDE_SOURCE;
				MTL_FAST_MATH = YES;
				ONLY_ACTIVE_ARCH = YES;
				SDKROOT = iphoneos;
				SWIFT_ACTIVE_COMPILATION_CONDITIONS = DEBUG;
				SWIFT_OPTIMIZATION_LEVEL = "-Onone";
			};
			name = Debug;
		};
		C7C91AD826E0C4AA00D6BC30 /* Release */ = {
			isa = XCBuildConfiguration;
			buildSettings = {
				ALWAYS_SEARCH_USER_PATHS = NO;
				CLANG_ANALYZER_NONNULL = YES;
				CLANG_ANALYZER_NUMBER_OBJECT_CONVERSION = YES_AGGRESSIVE;
				CLANG_CXX_LANGUAGE_STANDARD = "gnu++14";
				CLANG_CXX_LIBRARY = "libc++";
				CLANG_ENABLE_MODULES = YES;
				CLANG_ENABLE_OBJC_ARC = YES;
				CLANG_ENABLE_OBJC_WEAK = YES;
				CLANG_WARN_BLOCK_CAPTURE_AUTORELEASING = YES;
				CLANG_WARN_BOOL_CONVERSION = YES;
				CLANG_WARN_COMMA = YES;
				CLANG_WARN_CONSTANT_CONVERSION = YES;
				CLANG_WARN_DEPRECATED_OBJC_IMPLEMENTATIONS = YES;
				CLANG_WARN_DIRECT_OBJC_ISA_USAGE = YES_ERROR;
				CLANG_WARN_DOCUMENTATION_COMMENTS = YES;
				CLANG_WARN_EMPTY_BODY = YES;
				CLANG_WARN_ENUM_CONVERSION = YES;
				CLANG_WARN_INFINITE_RECURSION = YES;
				CLANG_WARN_INT_CONVERSION = YES;
				CLANG_WARN_NON_LITERAL_NULL_CONVERSION = YES;
				CLANG_WARN_OBJC_IMPLICIT_RETAIN_SELF = YES;
				CLANG_WARN_OBJC_LITERAL_CONVERSION = YES;
				CLANG_WARN_OBJC_ROOT_CLASS = YES_ERROR;
				CLANG_WARN_QUOTED_INCLUDE_IN_FRAMEWORK_HEADER = YES;
				CLANG_WARN_RANGE_LOOP_ANALYSIS = YES;
				CLANG_WARN_STRICT_PROTOTYPES = YES;
				CLANG_WARN_SUSPICIOUS_MOVE = YES;
				CLANG_WARN_UNGUARDED_AVAILABILITY = YES_AGGRESSIVE;
				CLANG_WARN_UNREACHABLE_CODE = YES;
				CLANG_WARN__DUPLICATE_METHOD_MATCH = YES;
				COPY_PHASE_STRIP = NO;
				DEBUG_INFORMATION_FORMAT = "dwarf-with-dsym";
				ENABLE_NS_ASSERTIONS = NO;
				ENABLE_STRICT_OBJC_MSGSEND = YES;
				GCC_C_LANGUAGE_STANDARD = gnu11;
				GCC_NO_COMMON_BLOCKS = YES;
				GCC_WARN_64_TO_32_BIT_CONVERSION = YES;
				GCC_WARN_ABOUT_RETURN_TYPE = YES_ERROR;
				GCC_WARN_UNDECLARED_SELECTOR = YES;
				GCC_WARN_UNINITIALIZED_AUTOS = YES_AGGRESSIVE;
				GCC_WARN_UNUSED_FUNCTION = YES;
				GCC_WARN_UNUSED_VARIABLE = YES;
				IPHONEOS_DEPLOYMENT_TARGET = 14.5;
				MTL_ENABLE_DEBUG_INFO = NO;
				MTL_FAST_MATH = YES;
				SDKROOT = iphoneos;
				SWIFT_COMPILATION_MODE = wholemodule;
				SWIFT_OPTIMIZATION_LEVEL = "-O";
				VALIDATE_PRODUCT = YES;
			};
			name = Release;
		};
		C7C91ADA26E0C4AA00D6BC30 /* Debug */ = {
			isa = XCBuildConfiguration;
			baseConfigurationReference = 5715EF5B1E660CE163603B1D /* Pods-TextRecognition.debug.xcconfig */;
			buildSettings = {
				ASSETCATALOG_COMPILER_APPICON_NAME = AppIcon;
				ASSETCATALOG_COMPILER_GLOBAL_ACCENT_COLOR_NAME = AccentColor;
				CODE_SIGN_STYLE = Automatic;
				DEVELOPMENT_ASSET_PATHS = "\"TextRecognition/Preview Content\"";
				DEVELOPMENT_TEAM = YX944FB478;
				ENABLE_PREVIEWS = YES;
				INFOPLIST_FILE = TextRecognition/Info.plist;
				IPHONEOS_DEPLOYMENT_TARGET = 14.0;
				LD_RUNPATH_SEARCH_PATHS = (
					"$(inherited)",
					"@executable_path/Frameworks",
				);
				PRODUCT_BUNDLE_IDENTIFIER = jp.moongift.TextRecognition;
				PRODUCT_NAME = "$(TARGET_NAME)";
				SWIFT_VERSION = 5.0;
				TARGETED_DEVICE_FAMILY = "1,2";
			};
			name = Debug;
		};
		C7C91ADB26E0C4AA00D6BC30 /* Release */ = {
			isa = XCBuildConfiguration;
			baseConfigurationReference = 72D4D27F3778B95DDF1E8680 /* Pods-TextRecognition.release.xcconfig */;
			buildSettings = {
				ASSETCATALOG_COMPILER_APPICON_NAME = AppIcon;
				ASSETCATALOG_COMPILER_GLOBAL_ACCENT_COLOR_NAME = AccentColor;
				CODE_SIGN_STYLE = Automatic;
				DEVELOPMENT_ASSET_PATHS = "\"TextRecognition/Preview Content\"";
				DEVELOPMENT_TEAM = YX944FB478;
				ENABLE_PREVIEWS = YES;
				INFOPLIST_FILE = TextRecognition/Info.plist;
				IPHONEOS_DEPLOYMENT_TARGET = 14.0;
				LD_RUNPATH_SEARCH_PATHS = (
					"$(inherited)",
					"@executable_path/Frameworks",
				);
				PRODUCT_BUNDLE_IDENTIFIER = jp.moongift.TextRecognition;
				PRODUCT_NAME = "$(TARGET_NAME)";
				SWIFT_VERSION = 5.0;
				TARGETED_DEVICE_FAMILY = "1,2";
			};
			name = Release;
		};
		C7C91ADD26E0C4AA00D6BC30 /* Debug */ = {
			isa = XCBuildConfiguration;
			baseConfigurationReference = 2B1D6437514312BF4D0B8A0C /* Pods-TextRecognitionTests.debug.xcconfig */;
			buildSettings = {
				ALWAYS_EMBED_SWIFT_STANDARD_LIBRARIES = YES;
				BUNDLE_LOADER = "$(TEST_HOST)";
				CODE_SIGN_STYLE = Automatic;
				INFOPLIST_FILE = TextRecognitionTests/Info.plist;
				IPHONEOS_DEPLOYMENT_TARGET = 14.0;
				LD_RUNPATH_SEARCH_PATHS = (
					"$(inherited)",
					"@executable_path/Frameworks",
					"@loader_path/Frameworks",
				);
				PRODUCT_BUNDLE_IDENTIFIER = jp.moongift.TextRecognitionTests;
				PRODUCT_NAME = "$(TARGET_NAME)";
				SWIFT_VERSION = 5.0;
				TARGETED_DEVICE_FAMILY = "1,2";
				TEST_HOST = "$(BUILT_PRODUCTS_DIR)/TextRecognition.app/TextRecognition";
			};
			name = Debug;
		};
		C7C91ADE26E0C4AA00D6BC30 /* Release */ = {
			isa = XCBuildConfiguration;
			baseConfigurationReference = 9F999B1C73A482CACBCBB863 /* Pods-TextRecognitionTests.release.xcconfig */;
			buildSettings = {
				ALWAYS_EMBED_SWIFT_STANDARD_LIBRARIES = YES;
				BUNDLE_LOADER = "$(TEST_HOST)";
				CODE_SIGN_STYLE = Automatic;
				INFOPLIST_FILE = TextRecognitionTests/Info.plist;
				IPHONEOS_DEPLOYMENT_TARGET = 14.0;
				LD_RUNPATH_SEARCH_PATHS = (
					"$(inherited)",
					"@executable_path/Frameworks",
					"@loader_path/Frameworks",
				);
				PRODUCT_BUNDLE_IDENTIFIER = jp.moongift.TextRecognitionTests;
				PRODUCT_NAME = "$(TARGET_NAME)";
				SWIFT_VERSION = 5.0;
				TARGETED_DEVICE_FAMILY = "1,2";
				TEST_HOST = "$(BUILT_PRODUCTS_DIR)/TextRecognition.app/TextRecognition";
			};
			name = Release;
		};
		C7C91AE026E0C4AA00D6BC30 /* Debug */ = {
			isa = XCBuildConfiguration;
			baseConfigurationReference = B32746924DA7573E364DB966 /* Pods-TextRecognition-TextRecognitionUITests.debug.xcconfig */;
			buildSettings = {
				ALWAYS_EMBED_SWIFT_STANDARD_LIBRARIES = YES;
				CODE_SIGN_STYLE = Automatic;
				INFOPLIST_FILE = TextRecognitionUITests/Info.plist;
				LD_RUNPATH_SEARCH_PATHS = (
					"$(inherited)",
					"@executable_path/Frameworks",
					"@loader_path/Frameworks",
				);
				PRODUCT_BUNDLE_IDENTIFIER = jp.moongift.TextRecognitionUITests;
				PRODUCT_NAME = "$(TARGET_NAME)";
				SWIFT_VERSION = 5.0;
				TARGETED_DEVICE_FAMILY = "1,2";
				TEST_TARGET_NAME = TextRecognition;
			};
			name = Debug;
		};
		C7C91AE126E0C4AA00D6BC30 /* Release */ = {
			isa = XCBuildConfiguration;
			baseConfigurationReference = 92A3324F0DB1C3AC488A949E /* Pods-TextRecognition-TextRecognitionUITests.release.xcconfig */;
			buildSettings = {
				ALWAYS_EMBED_SWIFT_STANDARD_LIBRARIES = YES;
				CODE_SIGN_STYLE = Automatic;
				INFOPLIST_FILE = TextRecognitionUITests/Info.plist;
				LD_RUNPATH_SEARCH_PATHS = (
					"$(inherited)",
					"@executable_path/Frameworks",
					"@loader_path/Frameworks",
				);
				PRODUCT_BUNDLE_IDENTIFIER = jp.moongift.TextRecognitionUITests;
				PRODUCT_NAME = "$(TARGET_NAME)";
				SWIFT_VERSION = 5.0;
				TARGETED_DEVICE_FAMILY = "1,2";
				TEST_TARGET_NAME = TextRecognition;
			};
			name = Release;
		};
/* End XCBuildConfiguration section */

/* Begin XCConfigurationList section */
		C7C91AAF26E0C4A800D6BC30 /* Build configuration list for PBXProject "TextRecognition" */ = {
			isa = XCConfigurationList;
			buildConfigurations = (
				C7C91AD726E0C4AA00D6BC30 /* Debug */,
				C7C91AD826E0C4AA00D6BC30 /* Release */,
			);
			defaultConfigurationIsVisible = 0;
			defaultConfigurationName = Release;
		};
		C7C91AD926E0C4AA00D6BC30 /* Build configuration list for PBXNativeTarget "TextRecognition" */ = {
			isa = XCConfigurationList;
			buildConfigurations = (
				C7C91ADA26E0C4AA00D6BC30 /* Debug */,
				C7C91ADB26E0C4AA00D6BC30 /* Release */,
			);
			defaultConfigurationIsVisible = 0;
			defaultConfigurationName = Release;
		};
		C7C91ADC26E0C4AA00D6BC30 /* Build configuration list for PBXNativeTarget "TextRecognitionTests" */ = {
			isa = XCConfigurationList;
			buildConfigurations = (
				C7C91ADD26E0C4AA00D6BC30 /* Debug */,
				C7C91ADE26E0C4AA00D6BC30 /* Release */,
			);
			defaultConfigurationIsVisible = 0;
			defaultConfigurationName = Release;
		};
		C7C91ADF26E0C4AA00D6BC30 /* Build configuration list for PBXNativeTarget "TextRecognitionUITests" */ = {
			isa = XCConfigurationList;
			buildConfigurations = (
				C7C91AE026E0C4AA00D6BC30 /* Debug */,
				C7C91AE126E0C4AA00D6BC30 /* Release */,
			);
			defaultConfigurationIsVisible = 0;
			defaultConfigurationName = Release;
		};
/* End XCConfigurationList section */
	};
	rootObject = C7C91AAC26E0C4A800D6BC30 /* Project object */;
}
